
Microsoft Visual Studio Solution File, Format Version 12.00
# Visual Studio 15
VisualStudioVersion = 15.0.27428.2011
MinimumVisualStudioVersion = 10.0.40219.1
Project("{FAE04EC0-301F-11D3-BF4B-00C04F79EFBC}") = "NET.S.2018.Karakouski.12", "NET.S.2018.Karakouski.12\NET.S.2018.Karakouski.12.csproj", "{0C74FDE0-388D-4174-98E7-706C46355AE1}"
EndProject
Global
	GlobalSection(SolutionConfigurationPlatforms) = preSolution
		Debug|Any CPU = Debug|Any CPU
		Release|Any CPU = Release|Any CPU
	EndGlobalSection
	GlobalSection(ProjectConfigurationPlatforms) = postSolution
		{0C74FDE0-388D-4174-98E7-706C46355AE1}.Debug|Any CPU.ActiveCfg = Debug|Any CPU
		{0C74FDE0-388D-4174-98E7-706C46355AE1}.Debug|Any CPU.Build.0 = Debug|Any CPU
		{0C74FDE0-388D-4174-98E7-706C46355AE1}.Release|Any CPU.ActiveCfg = Release|Any CPU
		{0C74FDE0-388D-4174-98E7-706C46355AE1}.Release|Any CPU.Build.0 = Release|Any CPU
	EndGlobalSection
	GlobalSection(SolutionProperties) = preSolution
		HideSolutionNode = FALSE
	EndGlobalSection
	GlobalSection(ExtensibilityGlobals) = postSolution
		SolutionGuid = {235529EC-5261-4D4F-8831-B3D256D88626}
	EndGlobalSection
EndGlobal
